{
  "name": "groceries",
  "lockfileVersion": 3,
  "requires": true,
  "packages": {
    "": {
      "dependencies": {
        "@capacitor/filesystem": "^4.1.4"
      }
    },
    "node_modules/@capacitor/core": {
      "version": "4.7.3",
      "resolved": "https://registry.npmjs.org/@capacitor/core/-/core-4.7.3.tgz",
      "integrity": "sha512-IDhJapHqfJNpSlq89M0quOZGb08uOUZhVhyRDdrGUrwa4ttFoWeX/Vi9F+b9bffsDRKkSLF0BhzA9TH7ko5c3A==",
      "peer": true,
      "dependencies": {
        "tslib": "^2.1.0"
      }
    },
    "node_modules/@capacitor/filesystem": {
      "version": "4.1.4",
      "resolved": "https://registry.npmjs.org/@capacitor/filesystem/-/filesystem-4.1.4.tgz",
      "integrity": "sha512-ivko1RNK4hq63xhMacq8D6D97N5/SAafTsrmY/pghYrG6Cl2SEY0+IgRu7V9/VWeN3FSplyUPucjUTAFQxXN5g==",
      "peerDependencies": {
        "@capacitor/core": "^4.0.0"
      }
    },
    "node_modules/tslib": {
      "version": "2.5.0",
      "resolved": "https://registry.npmjs.org/tslib/-/tslib-2.5.0.tgz",
      "integrity": "sha512-336iVw3rtn2BUK7ORdIAHTyxHGRIHVReokCR3XjbckJMK7ms8FysBfhLR8IXnAgy7T0PTPNBWKiH514FOW/WSg==",
      "peer": true
    }
  }
}
